
Microsoft Visual Studio Solution File, Format Version 12.00
# Visual Studio Version 16
VisualStudioVersion = 16.0.30711.63
MinimumVisualStudioVersion = 10.0.40219.1
Project("{9A19103F-16F7-4668-BE54-9A1E7A4F7556}") = "Jupiter", "Jupiter.csproj", "{05F3C04B-4987-44D4-A38E-2AB91D84DCEA}"
EndProject
Global
	GlobalSection(SolutionConfigurationPlatforms) = preSolution
		Debug|Any CPU = Debug|Any CPU
		Release|Any CPU = Release|Any CPU
	EndGlobalSection
	GlobalSection(ProjectConfigurationPlatforms) = postSolution
		{05F3C04B-4987-44D4-A38E-2AB91D84DCEA}.Debug|Any CPU.ActiveCfg = Debug|Any CPU
		{05F3C04B-4987-44D4-A38E-2AB91D84DCEA}.Debug|Any CPU.Build.0 = Debug|Any CPU
		{05F3C04B-4987-44D4-A38E-2AB91D84DCEA}.Release|Any CPU.ActiveCfg = Release|Any CPU
		{05F3C04B-4987-44D4-A38E-2AB91D84DCEA}.Release|Any CPU.Build.0 = Release|Any CPU
	EndGlobalSection
	GlobalSection(SolutionProperties) = preSolution
		HideSolutionNode = FALSE
	EndGlobalSection
	GlobalSection(ExtensibilityGlobals) = postSolution
		SolutionGuid = {A5DFCD79-32F1-4E3A-B5B0-FCE658DBA005}
	EndGlobalSection
EndGlobal
